// !$*UTF8*$!
{
	archiveVersion = 1;
	classes = {
	};
	objectVersion = 46;
	objects = {

/* Begin PBXBuildFile section */
		204B8B77C26160E3458891BC /* libPods.a in Frameworks */ = {isa = PBXBuildFile; fileRef = 025712AC4B4C5758B057558D /* libPods.a */; };
		674D05391C1827F50011238C /* AppDelegate.swift in Sources */ = {isa = PBXBuildFile; fileRef = 674D05381C1827F50011238C /* AppDelegate.swift */; };
		674D053B1C1827F50011238C /* ViewController.swift in Sources */ = {isa = PBXBuildFile; fileRef = 674D053A1C1827F50011238C /* ViewController.swift */; };
		674D053E1C1827F50011238C /* Main.storyboard in Resources */ = {isa = PBXBuildFile; fileRef = 674D053C1C1827F50011238C /* Main.storyboard */; };
		674D05411C1827F50011238C /* WorlflowClientIOS.xcdatamodeld in Sources */ = {isa = PBXBuildFile; fileRef = 674D053F1C1827F50011238C /* WorlflowClientIOS.xcdatamodeld */; };
		674D05431C1827F50011238C /* Assets.xcassets in Resources */ = {isa = PBXBuildFile; fileRef = 674D05421C1827F50011238C /* Assets.xcassets */; };
		674D05461C1827F60011238C /* LaunchScreen.storyboard in Resources */ = {isa = PBXBuildFile; fileRef = 674D05441C1827F60011238C /* LaunchScreen.storyboard */; };
		674D05511C1827F60011238C /* WorlflowClientIOSTests.swift in Sources */ = {isa = PBXBuildFile; fileRef = 674D05501C1827F60011238C /* WorlflowClientIOSTests.swift */; };
		674D055C1C1827F60011238C /* WorlflowClientIOSUITests.swift in Sources */ = {isa = PBXBuildFile; fileRef = 674D055B1C1827F60011238C /* WorlflowClientIOSUITests.swift */; };
		674D056A1C182E550011238C /* EmployeeWorkingStatusTableViewController.swift in Sources */ = {isa = PBXBuildFile; fileRef = 674D05691C182E550011238C /* EmployeeWorkingStatusTableViewController.swift */; };
		674D056F1C1836250011238C /* EmployeeCurrentTaskTableViewCell.swift in Sources */ = {isa = PBXBuildFile; fileRef = 674D056E1C1836250011238C /* EmployeeCurrentTaskTableViewCell.swift */; };
		674D05721C183A360011238C /* Task.swift in Sources */ = {isa = PBXBuildFile; fileRef = 674D05711C183A360011238C /* Task.swift */; };
		677F78E81C1912DD001DFD0E /* EmployeeScheduledTaskTableViewCell.swift in Sources */ = {isa = PBXBuildFile; fileRef = 677F78E71C1912DD001DFD0E /* EmployeeScheduledTaskTableViewCell.swift */; };
		677F78EA1C1952F8001DFD0E /* EmployeeSendMessageViewController.swift in Sources */ = {isa = PBXBuildFile; fileRef = 677F78E91C1952F8001DFD0E /* EmployeeSendMessageViewController.swift */; };
		677F78EC1C196C17001DFD0E /* ActivityCommentTableViewCell.swift in Sources */ = {isa = PBXBuildFile; fileRef = 677F78EB1C196C17001DFD0E /* ActivityCommentTableViewCell.swift */; };
		677F78EE1C196D0D001DFD0E /* TaskDetailsViewController.swift in Sources */ = {isa = PBXBuildFile; fileRef = 677F78ED1C196D0D001DFD0E /* TaskDetailsViewController.swift */; };
		677F78F21C1976B6001DFD0E /* ActivityPhotoTableViewCell.swift in Sources */ = {isa = PBXBuildFile; fileRef = 677F78F11C1976B6001DFD0E /* ActivityPhotoTableViewCell.swift */; };
		678F68BC1C1A7A2C002CAAF8 /* TodoTableViewCell.swift in Sources */ = {isa = PBXBuildFile; fileRef = 678F68BB1C1A7A2C002CAAF8 /* TodoTableViewCell.swift */; };
		678F68BE1C1A7DB8002CAAF8 /* TaskActivityDataStore.swift in Sources */ = {isa = PBXBuildFile; fileRef = 678F68BD1C1A7DB8002CAAF8 /* TaskActivityDataStore.swift */; };
		678F68C01C1A7DC7002CAAF8 /* Activity.swift in Sources */ = {isa = PBXBuildFile; fileRef = 678F68BF1C1A7DC7002CAAF8 /* Activity.swift */; };
		678F68C21C1A801B002CAAF8 /* TaskCommentActivity.swift in Sources */ = {isa = PBXBuildFile; fileRef = 678F68C11C1A801B002CAAF8 /* TaskCommentActivity.swift */; };
		678F68C51C1A81D2002CAAF8 /* TaskPhotoActivity.swift in Sources */ = {isa = PBXBuildFile; fileRef = 678F68C41C1A81D2002CAAF8 /* TaskPhotoActivity.swift */; };
		678F68C71C1A8281002CAAF8 /* TaskFileActivity.swift in Sources */ = {isa = PBXBuildFile; fileRef = 678F68C61C1A8281002CAAF8 /* TaskFileActivity.swift */; };
		67DFC3001C1A6A6A00713DFB /* ActivityFileTableViewCell.swift in Sources */ = {isa = PBXBuildFile; fileRef = 67DFC2FF1C1A6A6A00713DFB /* ActivityFileTableViewCell.swift */; };
		67FA37971C198E2500D992CC /* WorkingDataStore.swift in Sources */ = {isa = PBXBuildFile; fileRef = 67FA37961C198E2500D992CC /* WorkingDataStore.swift */; };
		67FA37991C19964200D992CC /* EmployeePendingTableViewCell.swift in Sources */ = {isa = PBXBuildFile; fileRef = 67FA37981C19964200D992CC /* EmployeePendingTableViewCell.swift */; };
		67FA379C1C1998F800D992CC /* RestfulUtils.swift in Sources */ = {isa = PBXBuildFile; fileRef = 67FA379B1C1998F800D992CC /* RestfulUtils.swift */; };
		67FA379E1C199B5B00D992CC /* URLUtils.swift in Sources */ = {isa = PBXBuildFile; fileRef = 67FA379D1C199B5B00D992CC /* URLUtils.swift */; };
/* End PBXBuildFile section */

/* Begin PBXContainerItemProxy section */
		674D054D1C1827F60011238C /* PBXContainerItemProxy */ = {
			isa = PBXContainerItemProxy;
			containerPortal = 674D052D1C1827F50011238C /* Project object */;
			proxyType = 1;
			remoteGlobalIDString = 674D05341C1827F50011238C;
			remoteInfo = WorlflowClientIOS;
		};
		674D05581C1827F60011238C /* PBXContainerItemProxy */ = {
			isa = PBXContainerItemProxy;
			containerPortal = 674D052D1C1827F50011238C /* Project object */;
			proxyType = 1;
			remoteGlobalIDString = 674D05341C1827F50011238C;
			remoteInfo = WorlflowClientIOS;
		};
/* End PBXContainerItemProxy section */

/* Begin PBXFileReference section */
		025712AC4B4C5758B057558D /* libPods.a */ = {isa = PBXFileReference; explicitFileType = archive.ar; includeInIndex = 0; path = libPods.a; sourceTree = BUILT_PRODUCTS_DIR; };
		6733BCCE1C1A75190019AC64 /* WorlflowClientIOS-Bridging-Header.h */ = {isa = PBXFileReference; lastKnownFileType = sourcecode.c.h; path = "WorlflowClientIOS-Bridging-Header.h"; sourceTree = "<group>"; };
		674D05351C1827F50011238C /* WorlflowClientIOS.app */ = {isa = PBXFileReference; explicitFileType = wrapper.application; includeInIndex = 0; path = WorlflowClientIOS.app; sourceTree = BUILT_PRODUCTS_DIR; };
		674D05381C1827F50011238C /* AppDelegate.swift */ = {isa = PBXFileReference; lastKnownFileType = sourcecode.swift; path = AppDelegate.swift; sourceTree = "<group>"; };
		674D053A1C1827F50011238C /* ViewController.swift */ = {isa = PBXFileReference; lastKnownFileType = sourcecode.swift; path = ViewController.swift; sourceTree = "<group>"; };
		674D053D1C1827F50011238C /* Base */ = {isa = PBXFileReference; lastKnownFileType = file.storyboard; name = Base; path = Base.lproj/Main.storyboard; sourceTree = "<group>"; };
		674D05401C1827F50011238C /* WorlflowClientIOS.xcdatamodel */ = {isa = PBXFileReference; lastKnownFileType = wrapper.xcdatamodel; path = WorlflowClientIOS.xcdatamodel; sourceTree = "<group>"; };
		674D05421C1827F50011238C /* Assets.xcassets */ = {isa = PBXFileReference; lastKnownFileType = folder.assetcatalog; path = Assets.xcassets; sourceTree = "<group>"; };
		674D05451C1827F60011238C /* Base */ = {isa = PBXFileReference; lastKnownFileType = file.storyboard; name = Base; path = Base.lproj/LaunchScreen.storyboard; sourceTree = "<group>"; };
		674D05471C1827F60011238C /* Info.plist */ = {isa = PBXFileReference; lastKnownFileType = text.plist.xml; path = Info.plist; sourceTree = "<group>"; };
		674D054C1C1827F60011238C /* WorlflowClientIOSTests.xctest */ = {isa = PBXFileReference; explicitFileType = wrapper.cfbundle; includeInIndex = 0; path = WorlflowClientIOSTests.xctest; sourceTree = BUILT_PRODUCTS_DIR; };
		674D05501C1827F60011238C /* WorlflowClientIOSTests.swift */ = {isa = PBXFileReference; lastKnownFileType = sourcecode.swift; path = WorlflowClientIOSTests.swift; sourceTree = "<group>"; };
		674D05521C1827F60011238C /* Info.plist */ = {isa = PBXFileReference; lastKnownFileType = text.plist.xml; path = Info.plist; sourceTree = "<group>"; };
		674D05571C1827F60011238C /* WorlflowClientIOSUITests.xctest */ = {isa = PBXFileReference; explicitFileType = wrapper.cfbundle; includeInIndex = 0; path = WorlflowClientIOSUITests.xctest; sourceTree = BUILT_PRODUCTS_DIR; };
		674D055B1C1827F60011238C /* WorlflowClientIOSUITests.swift */ = {isa = PBXFileReference; lastKnownFileType = sourcecode.swift; path = WorlflowClientIOSUITests.swift; sourceTree = "<group>"; };
		674D055D1C1827F60011238C /* Info.plist */ = {isa = PBXFileReference; lastKnownFileType = text.plist.xml; path = Info.plist; sourceTree = "<group>"; };
		674D05691C182E550011238C /* EmployeeWorkingStatusTableViewController.swift */ = {isa = PBXFileReference; fileEncoding = 4; lastKnownFileType = sourcecode.swift; path = EmployeeWorkingStatusTableViewController.swift; sourceTree = "<group>"; };
		674D056E1C1836250011238C /* EmployeeCurrentTaskTableViewCell.swift */ = {isa = PBXFileReference; fileEncoding = 4; lastKnownFileType = sourcecode.swift; path = EmployeeCurrentTaskTableViewCell.swift; sourceTree = "<group>"; };
		674D05711C183A360011238C /* Task.swift */ = {isa = PBXFileReference; fileEncoding = 4; lastKnownFileType = sourcecode.swift; path = Task.swift; sourceTree = "<group>"; };
		677F78E71C1912DD001DFD0E /* EmployeeScheduledTaskTableViewCell.swift */ = {isa = PBXFileReference; fileEncoding = 4; lastKnownFileType = sourcecode.swift; path = EmployeeScheduledTaskTableViewCell.swift; sourceTree = "<group>"; };
		677F78E91C1952F8001DFD0E /* EmployeeSendMessageViewController.swift */ = {isa = PBXFileReference; fileEncoding = 4; lastKnownFileType = sourcecode.swift; path = EmployeeSendMessageViewController.swift; sourceTree = "<group>"; };
		677F78EB1C196C17001DFD0E /* ActivityCommentTableViewCell.swift */ = {isa = PBXFileReference; fileEncoding = 4; lastKnownFileType = sourcecode.swift; path = ActivityCommentTableViewCell.swift; sourceTree = "<group>"; };
		677F78ED1C196D0D001DFD0E /* TaskDetailsViewController.swift */ = {isa = PBXFileReference; fileEncoding = 4; lastKnownFileType = sourcecode.swift; path = TaskDetailsViewController.swift; sourceTree = "<group>"; };
		677F78F11C1976B6001DFD0E /* ActivityPhotoTableViewCell.swift */ = {isa = PBXFileReference; fileEncoding = 4; lastKnownFileType = sourcecode.swift; path = ActivityPhotoTableViewCell.swift; sourceTree = "<group>"; };
		678F68BB1C1A7A2C002CAAF8 /* TodoTableViewCell.swift */ = {isa = PBXFileReference; fileEncoding = 4; lastKnownFileType = sourcecode.swift; path = TodoTableViewCell.swift; sourceTree = "<group>"; };
		678F68BD1C1A7DB8002CAAF8 /* TaskActivityDataStore.swift */ = {isa = PBXFileReference; fileEncoding = 4; lastKnownFileType = sourcecode.swift; path = TaskActivityDataStore.swift; sourceTree = "<group>"; };
		678F68BF1C1A7DC7002CAAF8 /* Activity.swift */ = {isa = PBXFileReference; fileEncoding = 4; lastKnownFileType = sourcecode.swift; path = Activity.swift; sourceTree = "<group>"; };
		678F68C11C1A801B002CAAF8 /* TaskCommentActivity.swift */ = {isa = PBXFileReference; fileEncoding = 4; lastKnownFileType = sourcecode.swift; path = TaskCommentActivity.swift; sourceTree = "<group>"; };
		678F68C41C1A81D2002CAAF8 /* TaskPhotoActivity.swift */ = {isa = PBXFileReference; fileEncoding = 4; lastKnownFileType = sourcecode.swift; path = TaskPhotoActivity.swift; sourceTree = "<group>"; };
		678F68C61C1A8281002CAAF8 /* TaskFileActivity.swift */ = {isa = PBXFileReference; fileEncoding = 4; lastKnownFileType = sourcecode.swift; path = TaskFileActivity.swift; sourceTree = "<group>"; };
		67DFC2FF1C1A6A6A00713DFB /* ActivityFileTableViewCell.swift */ = {isa = PBXFileReference; fileEncoding = 4; lastKnownFileType = sourcecode.swift; path = ActivityFileTableViewCell.swift; sourceTree = "<group>"; };
		67FA37961C198E2500D992CC /* WorkingDataStore.swift */ = {isa = PBXFileReference; fileEncoding = 4; lastKnownFileType = sourcecode.swift; path = WorkingDataStore.swift; sourceTree = "<group>"; };
		67FA37981C19964200D992CC /* EmployeePendingTableViewCell.swift */ = {isa = PBXFileReference; fileEncoding = 4; lastKnownFileType = sourcecode.swift; path = EmployeePendingTableViewCell.swift; sourceTree = "<group>"; };
		67FA379B1C1998F800D992CC /* RestfulUtils.swift */ = {isa = PBXFileReference; fileEncoding = 4; lastKnownFileType = sourcecode.swift; path = RestfulUtils.swift; sourceTree = "<group>"; };
		67FA379D1C199B5B00D992CC /* URLUtils.swift */ = {isa = PBXFileReference; fileEncoding = 4; lastKnownFileType = sourcecode.swift; path = URLUtils.swift; sourceTree = "<group>"; };
		6DA9D3CE42C040248B7203D9 /* Pods.debug.xcconfig */ = {isa = PBXFileReference; includeInIndex = 1; lastKnownFileType = text.xcconfig; name = Pods.debug.xcconfig; path = "Pods/Target Support Files/Pods/Pods.debug.xcconfig"; sourceTree = "<group>"; };
		A1EE691F60EE3F4CE01E89C4 /* Pods.release.xcconfig */ = {isa = PBXFileReference; includeInIndex = 1; lastKnownFileType = text.xcconfig; name = Pods.release.xcconfig; path = "Pods/Target Support Files/Pods/Pods.release.xcconfig"; sourceTree = "<group>"; };
/* End PBXFileReference section */

/* Begin PBXFrameworksBuildPhase section */
		674D05321C1827F50011238C /* Frameworks */ = {
			isa = PBXFrameworksBuildPhase;
			buildActionMask = 2147483647;
			files = (
				204B8B77C26160E3458891BC /* libPods.a in Frameworks */,
			);
			runOnlyForDeploymentPostprocessing = 0;
		};
		674D05491C1827F60011238C /* Frameworks */ = {
			isa = PBXFrameworksBuildPhase;
			buildActionMask = 2147483647;
			files = (
			);
			runOnlyForDeploymentPostprocessing = 0;
		};
		674D05541C1827F60011238C /* Frameworks */ = {
			isa = PBXFrameworksBuildPhase;
			buildActionMask = 2147483647;
			files = (
			);
			runOnlyForDeploymentPostprocessing = 0;
		};
/* End PBXFrameworksBuildPhase section */

/* Begin PBXGroup section */
		45F7AEEC5C0738C4EFA6C20C /* Pods */ = {
			isa = PBXGroup;
			children = (
				6DA9D3CE42C040248B7203D9 /* Pods.debug.xcconfig */,
				A1EE691F60EE3F4CE01E89C4 /* Pods.release.xcconfig */,
			);
			name = Pods;
			sourceTree = "<group>";
		};
		674D052C1C1827F50011238C = {
			isa = PBXGroup;
			children = (
				6733BCCE1C1A75190019AC64 /* WorlflowClientIOS-Bridging-Header.h */,
				674D05371C1827F50011238C /* WorlflowClientIOS */,
				674D054F1C1827F60011238C /* WorlflowClientIOSTests */,
				674D055A1C1827F60011238C /* WorlflowClientIOSUITests */,
				674D05361C1827F50011238C /* Products */,
				45F7AEEC5C0738C4EFA6C20C /* Pods */,
				8CF4E91039BCBBD2BD6EB8A8 /* Frameworks */,
			);
			sourceTree = "<group>";
		};
		674D05361C1827F50011238C /* Products */ = {
			isa = PBXGroup;
			children = (
				674D05351C1827F50011238C /* WorlflowClientIOS.app */,
				674D054C1C1827F60011238C /* WorlflowClientIOSTests.xctest */,
				674D05571C1827F60011238C /* WorlflowClientIOSUITests.xctest */,
			);
			name = Products;
			sourceTree = "<group>";
		};
		674D05371C1827F50011238C /* WorlflowClientIOS */ = {
			isa = PBXGroup;
			children = (
				67FA379A1C1998E000D992CC /* Utils */,
				677F78EF1C19767C001DFD0E /* Views */,
				674D05701C183A0A0011238C /* Models */,
				674D05381C1827F50011238C /* AppDelegate.swift */,
				674D053A1C1827F50011238C /* ViewController.swift */,
				674D053C1C1827F50011238C /* Main.storyboard */,
				674D05421C1827F50011238C /* Assets.xcassets */,
				674D05441C1827F60011238C /* LaunchScreen.storyboard */,
				674D05471C1827F60011238C /* Info.plist */,
				674D053F1C1827F50011238C /* WorlflowClientIOS.xcdatamodeld */,
			);
			path = WorlflowClientIOS;
			sourceTree = "<group>";
		};
		674D054F1C1827F60011238C /* WorlflowClientIOSTests */ = {
			isa = PBXGroup;
			children = (
				674D05501C1827F60011238C /* WorlflowClientIOSTests.swift */,
				674D05521C1827F60011238C /* Info.plist */,
			);
			path = WorlflowClientIOSTests;
			sourceTree = "<group>";
		};
		674D055A1C1827F60011238C /* WorlflowClientIOSUITests */ = {
			isa = PBXGroup;
			children = (
				674D055B1C1827F60011238C /* WorlflowClientIOSUITests.swift */,
				674D055D1C1827F60011238C /* Info.plist */,
			);
			path = WorlflowClientIOSUITests;
			sourceTree = "<group>";
		};
		674D056B1C182E640011238C /* ViewControllers */ = {
			isa = PBXGroup;
			children = (
				674D05691C182E550011238C /* EmployeeWorkingStatusTableViewController.swift */,
				677F78E91C1952F8001DFD0E /* EmployeeSendMessageViewController.swift */,
				677F78ED1C196D0D001DFD0E /* TaskDetailsViewController.swift */,
			);
			name = ViewControllers;
			sourceTree = "<group>";
		};
		674D05701C183A0A0011238C /* Models */ = {
			isa = PBXGroup;
			children = (
				677F78F41C198A4C001DFD0E /* Data */,
				677F78F31C198A45001DFD0E /* Stores */,
			);
			name = Models;
			sourceTree = "<group>";
		};
		677F78EF1C19767C001DFD0E /* Views */ = {
			isa = PBXGroup;
			children = (
				677F78F01C19768C001DFD0E /* TableCells */,
				674D056B1C182E640011238C /* ViewControllers */,
			);
			name = Views;
			sourceTree = "<group>";
		};
		677F78F01C19768C001DFD0E /* TableCells */ = {
			isa = PBXGroup;
			children = (
				674D056E1C1836250011238C /* EmployeeCurrentTaskTableViewCell.swift */,
				677F78E71C1912DD001DFD0E /* EmployeeScheduledTaskTableViewCell.swift */,
				677F78EB1C196C17001DFD0E /* ActivityCommentTableViewCell.swift */,
				677F78F11C1976B6001DFD0E /* ActivityPhotoTableViewCell.swift */,
				67FA37981C19964200D992CC /* EmployeePendingTableViewCell.swift */,
				67DFC2FF1C1A6A6A00713DFB /* ActivityFileTableViewCell.swift */,
				678F68BB1C1A7A2C002CAAF8 /* TodoTableViewCell.swift */,
			);
			name = TableCells;
			sourceTree = "<group>";
		};
		677F78F31C198A45001DFD0E /* Stores */ = {
			isa = PBXGroup;
			children = (
				67FA37961C198E2500D992CC /* WorkingDataStore.swift */,
				678F68BD1C1A7DB8002CAAF8 /* TaskActivityDataStore.swift */,
			);
			name = Stores;
			sourceTree = "<group>";
		};
		677F78F41C198A4C001DFD0E /* Data */ = {
			isa = PBXGroup;
			children = (
				678F68C31C1A81C3002CAAF8 /* Activity */,
				674D05711C183A360011238C /* Task.swift */,
			);
			name = Data;
			sourceTree = "<group>";
		};
		678F68C31C1A81C3002CAAF8 /* Activity */ = {
			isa = PBXGroup;
			children = (
				678F68BF1C1A7DC7002CAAF8 /* Activity.swift */,
				678F68C11C1A801B002CAAF8 /* TaskCommentActivity.swift */,
				678F68C41C1A81D2002CAAF8 /* TaskPhotoActivity.swift */,
				678F68C61C1A8281002CAAF8 /* TaskFileActivity.swift */,
			);
			name = Activity;
			sourceTree = "<group>";
		};
		67FA379A1C1998E000D992CC /* Utils */ = {
			isa = PBXGroup;
			children = (
				67FA379B1C1998F800D992CC /* RestfulUtils.swift */,
				67FA379D1C199B5B00D992CC /* URLUtils.swift */,
			);
			name = Utils;
			sourceTree = "<group>";
		};
		8CF4E91039BCBBD2BD6EB8A8 /* Frameworks */ = {
			isa = PBXGroup;
			children = (
				025712AC4B4C5758B057558D /* libPods.a */,
			);
			name = Frameworks;
			sourceTree = "<group>";
		};
/* End PBXGroup section */

/* Begin PBXNativeTarget section */
		674D05341C1827F50011238C /* WorlflowClientIOS */ = {
			isa = PBXNativeTarget;
			buildConfigurationList = 674D05601C1827F60011238C /* Build configuration list for PBXNativeTarget "WorlflowClientIOS" */;
			buildPhases = (
				B254268C2D96E4D2C2044575 /* Check Pods Manifest.lock */,
				674D05311C1827F50011238C /* Sources */,
				674D05321C1827F50011238C /* Frameworks */,
				674D05331C1827F50011238C /* Resources */,
				D2B1E3CABAA847DA7B9E0E94 /* Embed Pods Frameworks */,
				795242A868E92C8885EC3E02 /* Copy Pods Resources */,
			);
			buildRules = (
			);
			dependencies = (
			);
			name = WorlflowClientIOS;
			productName = WorlflowClientIOS;
			productReference = 674D05351C1827F50011238C /* WorlflowClientIOS.app */;
			productType = "com.apple.product-type.application";
		};
		674D054B1C1827F60011238C /* WorlflowClientIOSTests */ = {
			isa = PBXNativeTarget;
			buildConfigurationList = 674D05631C1827F60011238C /* Build configuration list for PBXNativeTarget "WorlflowClientIOSTests" */;
			buildPhases = (
				674D05481C1827F60011238C /* Sources */,
				674D05491C1827F60011238C /* Frameworks */,
				674D054A1C1827F60011238C /* Resources */,
			);
			buildRules = (
			);
			dependencies = (
				674D054E1C1827F60011238C /* PBXTargetDependency */,
			);
			name = WorlflowClientIOSTests;
			productName = WorlflowClientIOSTests;
			productReference = 674D054C1C1827F60011238C /* WorlflowClientIOSTests.xctest */;
			productType = "com.apple.product-type.bundle.unit-test";
		};
		674D05561C1827F60011238C /* WorlflowClientIOSUITests */ = {
			isa = PBXNativeTarget;
			buildConfigurationList = 674D05661C1827F60011238C /* Build configuration list for PBXNativeTarget "WorlflowClientIOSUITests" */;
			buildPhases = (
				674D05531C1827F60011238C /* Sources */,
				674D05541C1827F60011238C /* Frameworks */,
				674D05551C1827F60011238C /* Resources */,
			);
			buildRules = (
			);
			dependencies = (
				674D05591C1827F60011238C /* PBXTargetDependency */,
			);
			name = WorlflowClientIOSUITests;
			productName = WorlflowClientIOSUITests;
			productReference = 674D05571C1827F60011238C /* WorlflowClientIOSUITests.xctest */;
			productType = "com.apple.product-type.bundle.ui-testing";
		};
/* End PBXNativeTarget section */

/* Begin PBXProject section */
		674D052D1C1827F50011238C /* Project object */ = {
			isa = PBXProject;
			attributes = {
				LastSwiftUpdateCheck = 0720;
				LastUpgradeCheck = 0720;
				ORGANIZATIONNAME = Daz;
				TargetAttributes = {
					674D05341C1827F50011238C = {
						CreatedOnToolsVersion = 7.2;
					};
					674D054B1C1827F60011238C = {
						CreatedOnToolsVersion = 7.2;
						TestTargetID = 674D05341C1827F50011238C;
					};
					674D05561C1827F60011238C = {
						CreatedOnToolsVersion = 7.2;
						TestTargetID = 674D05341C1827F50011238C;
					};
				};
			};
			buildConfigurationList = 674D05301C1827F50011238C /* Build configuration list for PBXProject "WorlflowClientIOS" */;
			compatibilityVersion = "Xcode 3.2";
			developmentRegion = English;
			hasScannedForEncodings = 0;
			knownRegions = (
				en,
				Base,
			);
			mainGroup = 674D052C1C1827F50011238C;
			productRefGroup = 674D05361C1827F50011238C /* Products */;
			projectDirPath = "";
			projectRoot = "";
			targets = (
				674D05341C1827F50011238C /* WorlflowClientIOS */,
				674D054B1C1827F60011238C /* WorlflowClientIOSTests */,
				674D05561C1827F60011238C /* WorlflowClientIOSUITests */,
			);
		};
/* End PBXProject section */

/* Begin PBXResourcesBuildPhase section */
		674D05331C1827F50011238C /* Resources */ = {
			isa = PBXResourcesBuildPhase;
			buildActionMask = 2147483647;
			files = (
				674D05461C1827F60011238C /* LaunchScreen.storyboard in Resources */,
				674D05431C1827F50011238C /* Assets.xcassets in Resources */,
				674D053E1C1827F50011238C /* Main.storyboard in Resources */,
			);
			runOnlyForDeploymentPostprocessing = 0;
		};
		674D054A1C1827F60011238C /* Resources */ = {
			isa = PBXResourcesBuildPhase;
			buildActionMask = 2147483647;
			files = (
			);
			runOnlyForDeploymentPostprocessing = 0;
		};
		674D05551C1827F60011238C /* Resources */ = {
			isa = PBXResourcesBuildPhase;
			buildActionMask = 2147483647;
			files = (
			);
			runOnlyForDeploymentPostprocessing = 0;
		};
/* End PBXResourcesBuildPhase section */

/* Begin PBXShellScriptBuildPhase section */
		795242A868E92C8885EC3E02 /* Copy Pods Resources */ = {
			isa = PBXShellScriptBuildPhase;
			buildActionMask = 2147483647;
			files = (
			);
			inputPaths = (
			);
			name = "Copy Pods Resources";
			outputPaths = (
			);
			runOnlyForDeploymentPostprocessing = 0;
			shellPath = /bin/sh;
			shellScript = "\"${SRCROOT}/Pods/Target Support Files/Pods/Pods-resources.sh\"\n";
			showEnvVarsInLog = 0;
		};
		B254268C2D96E4D2C2044575 /* Check Pods Manifest.lock */ = {
			isa = PBXShellScriptBuildPhase;
			buildActionMask = 2147483647;
			files = (
			);
			inputPaths = (
			);
			name = "Check Pods Manifest.lock";
			outputPaths = (
			);
			runOnlyForDeploymentPostprocessing = 0;
			shellPath = /bin/sh;
			shellScript = "diff \"${PODS_ROOT}/../Podfile.lock\" \"${PODS_ROOT}/Manifest.lock\" > /dev/null\nif [[ $? != 0 ]] ; then\n    cat << EOM\nerror: The sandbox is not in sync with the Podfile.lock. Run 'pod install' or update your CocoaPods installation.\nEOM\n    exit 1\nfi\n";
			showEnvVarsInLog = 0;
		};
		D2B1E3CABAA847DA7B9E0E94 /* Embed Pods Frameworks */ = {
			isa = PBXShellScriptBuildPhase;
			buildActionMask = 2147483647;
			files = (
			);
			inputPaths = (
			);
			name = "Embed Pods Frameworks";
			outputPaths = (
			);
			runOnlyForDeploymentPostprocessing = 0;
			shellPath = /bin/sh;
			shellScript = "\"${SRCROOT}/Pods/Target Support Files/Pods/Pods-frameworks.sh\"\n";
			showEnvVarsInLog = 0;
		};
/* End PBXShellScriptBuildPhase section */

/* Begin PBXSourcesBuildPhase section */
		674D05311C1827F50011238C /* Sources */ = {
			isa = PBXSourcesBuildPhase;
			buildActionMask = 2147483647;
			files = (
				67FA379E1C199B5B00D992CC /* URLUtils.swift in Sources */,
				677F78EE1C196D0D001DFD0E /* TaskDetailsViewController.swift in Sources */,
				67FA37971C198E2500D992CC /* WorkingDataStore.swift in Sources */,
				677F78EA1C1952F8001DFD0E /* EmployeeSendMessageViewController.swift in Sources */,
				674D053B1C1827F50011238C /* ViewController.swift in Sources */,
				674D056A1C182E550011238C /* EmployeeWorkingStatusTableViewController.swift in Sources */,
				674D05411C1827F50011238C /* WorlflowClientIOS.xcdatamodeld in Sources */,
				674D056F1C1836250011238C /* EmployeeCurrentTaskTableViewCell.swift in Sources */,
				678F68C51C1A81D2002CAAF8 /* TaskPhotoActivity.swift in Sources */,
				67FA37991C19964200D992CC /* EmployeePendingTableViewCell.swift in Sources */,
				678F68C01C1A7DC7002CAAF8 /* Activity.swift in Sources */,
				677F78E81C1912DD001DFD0E /* EmployeeScheduledTaskTableViewCell.swift in Sources */,
				678F68C21C1A801B002CAAF8 /* TaskCommentActivity.swift in Sources */,
				67DFC3001C1A6A6A00713DFB /* ActivityFileTableViewCell.swift in Sources */,
				678F68BC1C1A7A2C002CAAF8 /* TodoTableViewCell.swift in Sources */,
				67FA379C1C1998F800D992CC /* RestfulUtils.swift in Sources */,
				677F78EC1C196C17001DFD0E /* ActivityCommentTableViewCell.swift in Sources */,
				678F68C71C1A8281002CAAF8 /* TaskFileActivity.swift in Sources */,
				674D05721C183A360011238C /* Task.swift in Sources */,
				678F68BE1C1A7DB8002CAAF8 /* TaskActivityDataStore.swift in Sources */,
				677F78F21C1976B6001DFD0E /* ActivityPhotoTableViewCell.swift in Sources */,
				674D05391C1827F50011238C /* AppDelegate.swift in Sources */,
			);
			runOnlyForDeploymentPostprocessing = 0;
		};
		674D05481C1827F60011238C /* Sources */ = {
			isa = PBXSourcesBuildPhase;
			buildActionMask = 2147483647;
			files = (
				674D05511C1827F60011238C /* WorlflowClientIOSTests.swift in Sources */,
			);
			runOnlyForDeploymentPostprocessing = 0;
		};
		674D05531C1827F60011238C /* Sources */ = {
			isa = PBXSourcesBuildPhase;
			buildActionMask = 2147483647;
			files = (
				674D055C1C1827F60011238C /* WorlflowClientIOSUITests.swift in Sources */,
			);
			runOnlyForDeploymentPostprocessing = 0;
		};
/* End PBXSourcesBuildPhase section */

/* Begin PBXTargetDependency section */
		674D054E1C1827F60011238C /* PBXTargetDependency */ = {
			isa = PBXTargetDependency;
			target = 674D05341C1827F50011238C /* WorlflowClientIOS */;
			targetProxy = 674D054D1C1827F60011238C /* PBXContainerItemProxy */;
		};
		674D05591C1827F60011238C /* PBXTargetDependency */ = {
			isa = PBXTargetDependency;
			target = 674D05341C1827F50011238C /* WorlflowClientIOS */;
			targetProxy = 674D05581C1827F60011238C /* PBXContainerItemProxy */;
		};
/* End PBXTargetDependency section */

/* Begin PBXVariantGroup section */
		674D053C1C1827F50011238C /* Main.storyboard */ = {
			isa = PBXVariantGroup;
			children = (
				674D053D1C1827F50011238C /* Base */,
			);
			name = Main.storyboard;
			sourceTree = "<group>";
		};
		674D05441C1827F60011238C /* LaunchScreen.storyboard */ = {
			isa = PBXVariantGroup;
			children = (
				674D05451C1827F60011238C /* Base */,
			);
			name = LaunchScreen.storyboard;
			sourceTree = "<group>";
		};
/* End PBXVariantGroup section */

/* Begin XCBuildConfiguration section */
		674D055E1C1827F60011238C /* Debug */ = {
			isa = XCBuildConfiguration;
			buildSettings = {
				ALWAYS_SEARCH_USER_PATHS = NO;
				CLANG_CXX_LANGUAGE_STANDARD = "gnu++0x";
				CLANG_CXX_LIBRARY = "libc++";
				CLANG_ENABLE_MODULES = YES;
				CLANG_ENABLE_OBJC_ARC = YES;
				CLANG_WARN_BOOL_CONVERSION = YES;
				CLANG_WARN_CONSTANT_CONVERSION = YES;
				CLANG_WARN_DIRECT_OBJC_ISA_USAGE = YES_ERROR;
				CLANG_WARN_EMPTY_BODY = YES;
				CLANG_WARN_ENUM_CONVERSION = YES;
				CLANG_WARN_INT_CONVERSION = YES;
				CLANG_WARN_OBJC_ROOT_CLASS = YES_ERROR;
				CLANG_WARN_UNREACHABLE_CODE = YES;
				CLANG_WARN__DUPLICATE_METHOD_MATCH = YES;
				"CODE_SIGN_IDENTITY[sdk=iphoneos*]" = "iPhone Developer";
				COPY_PHASE_STRIP = NO;
				DEBUG_INFORMATION_FORMAT = dwarf;
				ENABLE_STRICT_OBJC_MSGSEND = YES;
				ENABLE_TESTABILITY = YES;
				GCC_C_LANGUAGE_STANDARD = gnu99;
				GCC_DYNAMIC_NO_PIC = NO;
				GCC_NO_COMMON_BLOCKS = YES;
				GCC_OPTIMIZATION_LEVEL = 0;
				GCC_PREPROCESSOR_DEFINITIONS = (
					"DEBUG=1",
					"$(inherited)",
				);
				GCC_WARN_64_TO_32_BIT_CONVERSION = YES;
				GCC_WARN_ABOUT_RETURN_TYPE = YES_ERROR;
				GCC_WARN_UNDECLARED_SELECTOR = YES;
				GCC_WARN_UNINITIALIZED_AUTOS = YES_AGGRESSIVE;
				GCC_WARN_UNUSED_FUNCTION = YES;
				GCC_WARN_UNUSED_VARIABLE = YES;
				IPHONEOS_DEPLOYMENT_TARGET = 9.2;
				MTL_ENABLE_DEBUG_INFO = YES;
				ONLY_ACTIVE_ARCH = YES;
				SDKROOT = iphoneos;
				SWIFT_OPTIMIZATION_LEVEL = "-Onone";
				TARGETED_DEVICE_FAMILY = "1,2";
			};
			name = Debug;
		};
		674D055F1C1827F60011238C /* Release */ = {
			isa = XCBuildConfiguration;
			buildSettings = {
				ALWAYS_SEARCH_USER_PATHS = NO;
				CLANG_CXX_LANGUAGE_STANDARD = "gnu++0x";
				CLANG_CXX_LIBRARY = "libc++";
				CLANG_ENABLE_MODULES = YES;
				CLANG_ENABLE_OBJC_ARC = YES;
				CLANG_WARN_BOOL_CONVERSION = YES;
				CLANG_WARN_CONSTANT_CONVERSION = YES;
				CLANG_WARN_DIRECT_OBJC_ISA_USAGE = YES_ERROR;
				CLANG_WARN_EMPTY_BODY = YES;
				CLANG_WARN_ENUM_CONVERSION = YES;
				CLANG_WARN_INT_CONVERSION = YES;
				CLANG_WARN_OBJC_ROOT_CLASS = YES_ERROR;
				CLANG_WARN_UNREACHABLE_CODE = YES;
				CLANG_WARN__DUPLICATE_METHOD_MATCH = YES;
				"CODE_SIGN_IDENTITY[sdk=iphoneos*]" = "iPhone Developer";
				COPY_PHASE_STRIP = NO;
				DEBUG_INFORMATION_FORMAT = "dwarf-with-dsym";
				ENABLE_NS_ASSERTIONS = NO;
				ENABLE_STRICT_OBJC_MSGSEND = YES;
				GCC_C_LANGUAGE_STANDARD = gnu99;
				GCC_NO_COMMON_BLOCKS = YES;
				GCC_WARN_64_TO_32_BIT_CONVERSION = YES;
				GCC_WARN_ABOUT_RETURN_TYPE = YES_ERROR;
				GCC_WARN_UNDECLARED_SELECTOR = YES;
				GCC_WARN_UNINITIALIZED_AUTOS = YES_AGGRESSIVE;
				GCC_WARN_UNUSED_FUNCTION = YES;
				GCC_WARN_UNUSED_VARIABLE = YES;
				IPHONEOS_DEPLOYMENT_TARGET = 9.2;
				MTL_ENABLE_DEBUG_INFO = NO;
				SDKROOT = iphoneos;
				TARGETED_DEVICE_FAMILY = "1,2";
				VALIDATE_PRODUCT = YES;
			};
			name = Release;
		};
		674D05611C1827F60011238C /* Debug */ = {
			isa = XCBuildConfiguration;
			baseConfigurationReference = 6DA9D3CE42C040248B7203D9 /* Pods.debug.xcconfig */;
			buildSettings = {
				ASSETCATALOG_COMPILER_APPICON_NAME = AppIcon;
				INFOPLIST_FILE = WorlflowClientIOS/Info.plist;
				IPHONEOS_DEPLOYMENT_TARGET = 8.0;
				LD_RUNPATH_SEARCH_PATHS = "$(inherited) @executable_path/Frameworks";
				PRODUCT_BUNDLE_IDENTIFIER = Bananaplan.WorlflowClientIOS;
				PRODUCT_NAME = "$(TARGET_NAME)";
				SWIFT_OBJC_BRIDGING_HEADER = "WorlflowClientIOS-Bridging-Header.h";
			};
			name = Debug;
		};
		674D05621C1827F60011238C /* Release */ = {
			isa = XCBuildConfiguration;
			baseConfigurationReference = A1EE691F60EE3F4CE01E89C4 /* Pods.release.xcconfig */;
			buildSettings = {
				ASSETCATALOG_COMPILER_APPICON_NAME = AppIcon;
				INFOPLIST_FILE = WorlflowClientIOS/Info.plist;
				IPHONEOS_DEPLOYMENT_TARGET = 8.0;
				LD_RUNPATH_SEARCH_PATHS = "$(inherited) @executable_path/Frameworks";
				PRODUCT_BUNDLE_IDENTIFIER = Bananaplan.WorlflowClientIOS;
				PRODUCT_NAME = "$(TARGET_NAME)";
				SWIFT_OBJC_BRIDGING_HEADER = "WorlflowClientIOS-Bridging-Header.h";
			};
			name = Release;
		};
		674D05641C1827F60011238C /* Debug */ = {
			isa = XCBuildConfiguration;
			buildSettings = {
				BUNDLE_LOADER = "$(TEST_HOST)";
				INFOPLIST_FILE = WorlflowClientIOSTests/Info.plist;
				LD_RUNPATH_SEARCH_PATHS = "$(inherited) @executable_path/Frameworks @loader_path/Frameworks";
				PRODUCT_BUNDLE_IDENTIFIER = Bananaplan.WorlflowClientIOSTests;
				PRODUCT_NAME = "$(TARGET_NAME)";
				TEST_HOST = "$(BUILT_PRODUCTS_DIR)/WorlflowClientIOS.app/WorlflowClientIOS";
			};
			name = Debug;
		};
		674D05651C1827F60011238C /* Release */ = {
			isa = XCBuildConfiguration;
			buildSettings = {
				BUNDLE_LOADER = "$(TEST_HOST)";
				INFOPLIST_FILE = WorlflowClientIOSTests/Info.plist;
				LD_RUNPATH_SEARCH_PATHS = "$(inherited) @executable_path/Frameworks @loader_path/Frameworks";
				PRODUCT_BUNDLE_IDENTIFIER = Bananaplan.WorlflowClientIOSTests;
				PRODUCT_NAME = "$(TARGET_NAME)";
				TEST_HOST = "$(BUILT_PRODUCTS_DIR)/WorlflowClientIOS.app/WorlflowClientIOS";
			};
			name = Release;
		};
		674D05671C1827F60011238C /* Debug */ = {
			isa = XCBuildConfiguration;
			buildSettings = {
				INFOPLIST_FILE = WorlflowClientIOSUITests/Info.plist;
				LD_RUNPATH_SEARCH_PATHS = "$(inherited) @executable_path/Frameworks @loader_path/Frameworks";
				PRODUCT_BUNDLE_IDENTIFIER = Bananaplan.WorlflowClientIOSUITests;
				PRODUCT_NAME = "$(TARGET_NAME)";
				TEST_TARGET_NAME = WorlflowClientIOS;
				USES_XCTRUNNER = YES;
			};
			name = Debug;
		};
		674D05681C1827F60011238C /* Release */ = {
			isa = XCBuildConfiguration;
			buildSettings = {
				INFOPLIST_FILE = WorlflowClientIOSUITests/Info.plist;
				LD_RUNPATH_SEARCH_PATHS = "$(inherited) @executable_path/Frameworks @loader_path/Frameworks";
				PRODUCT_BUNDLE_IDENTIFIER = Bananaplan.WorlflowClientIOSUITests;
				PRODUCT_NAME = "$(TARGET_NAME)";
				TEST_TARGET_NAME = WorlflowClientIOS;
				USES_XCTRUNNER = YES;
			};
			name = Release;
		};
/* End XCBuildConfiguration section */

/* Begin XCConfigurationList section */
		674D05301C1827F50011238C /* Build configuration list for PBXProject "WorlflowClientIOS" */ = {
			isa = XCConfigurationList;
			buildConfigurations = (
				674D055E1C1827F60011238C /* Debug */,
				674D055F1C1827F60011238C /* Release */,
			);
			defaultConfigurationIsVisible = 0;
			defaultConfigurationName = Release;
		};
		674D05601C1827F60011238C /* Build configuration list for PBXNativeTarget "WorlflowClientIOS" */ = {
			isa = XCConfigurationList;
			buildConfigurations = (
				674D05611C1827F60011238C /* Debug */,
				674D05621C1827F60011238C /* Release */,
			);
			defaultConfigurationIsVisible = 0;
			defaultConfigurationName = Release;
		};
		674D05631C1827F60011238C /* Build configuration list for PBXNativeTarget "WorlflowClientIOSTests" */ = {
			isa = XCConfigurationList;
			buildConfigurations = (
				674D05641C1827F60011238C /* Debug */,
				674D05651C1827F60011238C /* Release */,
			);
			defaultConfigurationIsVisible = 0;
			defaultConfigurationName = Release;
		};
		674D05661C1827F60011238C /* Build configuration list for PBXNativeTarget "WorlflowClientIOSUITests" */ = {
			isa = XCConfigurationList;
			buildConfigurations = (
				674D05671C1827F60011238C /* Debug */,
				674D05681C1827F60011238C /* Release */,
			);
			defaultConfigurationIsVisible = 0;
			defaultConfigurationName = Release;
		};
/* End XCConfigurationList section */

/* Begin XCVersionGroup section */
		674D053F1C1827F50011238C /* WorlflowClientIOS.xcdatamodeld */ = {
			isa = XCVersionGroup;
			children = (
				674D05401C1827F50011238C /* WorlflowClientIOS.xcdatamodel */,
			);
			currentVersion = 674D05401C1827F50011238C /* WorlflowClientIOS.xcdatamodel */;
			path = WorlflowClientIOS.xcdatamodeld;
			sourceTree = "<group>";
			versionGroupType = wrapper.xcdatamodel;
		};
/* End XCVersionGroup section */
	};
	rootObject = 674D052D1C1827F50011238C /* Project object */;
}
